PODS:
  - Realm (1.0.0):
    - Realm/Headers (= 1.0.0)
  - Realm/Headers (1.0.0)
  - RealmSwift (1.0.0):
    - Realm (= 1.0.0)

DEPENDENCIES:
  - RealmSwift

SPEC CHECKSUMS:
  Realm: e15cd8e7c11d3e576f628ba0b7cb855269b4991c
  RealmSwift: 3229306d020d96f83b335f87a0dcbf2cef0e6a2b

PODFILE CHECKSUM: 4832ad65c9d708813cc4a0f487b93cdae96be2ec

COCOAPODS: 1.0.0
